{
  "object": {
    "pins": [
      {
        "package": "Purchases",
        "repositoryURL": "https://github.com/RevenueCat/purchases-ios.git",
        "state": {
          "branch": null,
          "revision": "a73c8587f888c0cb680363bc49e1dd5d125d1159",
          "version": "3.12.7"
        }
      }
    ]
  },
  "version": 1
}
